
Microsoft Visual Studio Solution File, Format Version 12.00
# Visual Studio Version 17
VisualStudioVersion = 17.14.36511.14
MinimumVisualStudioVersion = 10.0.40219.1
Project("{2150E333-8FDC-42A3-9474-1A3956D46DE8}") = "Task0", "Task0", "{02EA681E-C7D8-13C7-8484-4AC65E1B71E8}"
EndProject
Project("{FAE04EC0-301F-11D3-BF4B-00C04F79EFBC}") = "Tyuiu.OzdoevaLM.Sprint3.Task0.V11", "Tyuiu.OzdoevaLM.Sprint3.Task0.V11\Tyuiu.OzdoevaLM.Sprint3.Task0.V11.csproj", "{B1735090-292F-46AE-B6DB-F2E46255DE02}"
EndProject
Project("{FAE04EC0-301F-11D3-BF4B-00C04F79EFBC}") = "Tyuiu.OzdoevaLM.Sprint3.Task0.V11.Lib", "Tyuiu.OzdoevaLM.Sprint3.Task0.V11.Lib\Tyuiu.OzdoevaLM.Sprint3.Task0.V11.Lib.csproj", "{AF8D2C7C-40E4-4EBB-99FF-415F756C4941}"
EndProject
Project("{FAE04EC0-301F-11D3-BF4B-00C04F79EFBC}") = "Tyuiu.OzdoevaLM.Sprint3.Task0.V11.Test", "Tyuiu.OzdoevaLM.Sprint3.Task0.V11.Test\Tyuiu.OzdoevaLM.Sprint3.Task0.V11.Test.csproj", "{1A61A8BA-98E3-4E3E-A77D-1B21E96866B2}"
EndProject
Project("{2150E333-8FDC-42A3-9474-1A3956D46DE8}") = "Task1", "Task1", "{5A8AA7EC-A96E-464D-8C61-7A714261AF9C}"
EndProject
Project("{FAE04EC0-301F-11D3-BF4B-00C04F79EFBC}") = "Tyuiu.OzdoevaLM.Sprint3.Task1.V23", "Tyuiu.OzdoevaLM.Sprint3.Task1.V23\Tyuiu.OzdoevaLM.Sprint3.Task1.V23.csproj", "{24551F68-6C8A-44E8-A466-1A1F48D5AE9B}"
EndProject
Project("{FAE04EC0-301F-11D3-BF4B-00C04F79EFBC}") = "Tyuiu.OzdoevaLM.Sprint3.Task1.V23.Lib", "Tyuiu.OzdoevaLM.Sprint3.Task1.V23.Lib\Tyuiu.OzdoevaLM.Sprint3.Task1.V23.Lib.csproj", "{3FCD19C3-2BC3-438C-BD27-95996F9679DB}"
EndProject
Project("{FAE04EC0-301F-11D3-BF4B-00C04F79EFBC}") = "Tyuiu.OzdoevaLM.Sprint3.Task1.V23.Test", "Tyuiu.OzdoevaLM.Sprint3.Task1.V23.Test\Tyuiu.OzdoevaLM.Sprint3.Task1.V23.Test.csproj", "{82F099A5-079A-40DB-846B-B804A54581C8}"
EndProject
Project("{2150E333-8FDC-42A3-9474-1A3956D46DE8}") = "Task2", "Task2", "{8ECF0210-5479-4A68-B918-B0FB977C2B89}"
EndProject
Project("{FAE04EC0-301F-11D3-BF4B-00C04F79EFBC}") = "Tyuiu.OzdoevaLM.Sprint3.Task2.V22", "Tyuiu.OzdoevaLM.Sprint3.Task2.V22\Tyuiu.OzdoevaLM.Sprint3.Task2.V22.csproj", "{00FB02D8-5E0A-4EAF-A76D-3F61CBC55D1A}"
EndProject
Project("{FAE04EC0-301F-11D3-BF4B-00C04F79EFBC}") = "Tyuiu.OzdoevaLM.Sprint3.Task2.V22.Lib", "Tyuiu.OzdoevaLM.Sprint3.Task2.V22.Lib\Tyuiu.OzdoevaLM.Sprint3.Task2.V22.Lib.csproj", "{D8ED2903-1369-4420-A61E-291B98412041}"
EndProject
Project("{FAE04EC0-301F-11D3-BF4B-00C04F79EFBC}") = "Tyuiu.OzdoevaLM.Sprint3.Task2.V22.Test", "Tyuiu.OzdoevaLM.Sprint3.Task2.V22.Test\Tyuiu.OzdoevaLM.Sprint3.Task2.V22.Test.csproj", "{03FA5F11-0997-4F08-9ECF-9D4BEA343F88}"
EndProject
Global
	GlobalSection(SolutionConfigurationPlatforms) = preSolution
		Debug|Any CPU = Debug|Any CPU
		Release|Any CPU = Release|Any CPU
	EndGlobalSection
	GlobalSection(ProjectConfigurationPlatforms) = postSolution
		{B1735090-292F-46AE-B6DB-F2E46255DE02}.Debug|Any CPU.ActiveCfg = Debug|Any CPU
		{B1735090-292F-46AE-B6DB-F2E46255DE02}.Debug|Any CPU.Build.0 = Debug|Any CPU
		{B1735090-292F-46AE-B6DB-F2E46255DE02}.Release|Any CPU.ActiveCfg = Release|Any CPU
		{B1735090-292F-46AE-B6DB-F2E46255DE02}.Release|Any CPU.Build.0 = Release|Any CPU
		{AF8D2C7C-40E4-4EBB-99FF-415F756C4941}.Debug|Any CPU.ActiveCfg = Debug|Any CPU
		{AF8D2C7C-40E4-4EBB-99FF-415F756C4941}.Debug|Any CPU.Build.0 = Debug|Any CPU
		{AF8D2C7C-40E4-4EBB-99FF-415F756C4941}.Release|Any CPU.ActiveCfg = Release|Any CPU
		{AF8D2C7C-40E4-4EBB-99FF-415F756C4941}.Release|Any CPU.Build.0 = Release|Any CPU
		{1A61A8BA-98E3-4E3E-A77D-1B21E96866B2}.Debug|Any CPU.ActiveCfg = Debug|Any CPU
		{1A61A8BA-98E3-4E3E-A77D-1B21E96866B2}.Debug|Any CPU.Build.0 = Debug|Any CPU
		{1A61A8BA-98E3-4E3E-A77D-1B21E96866B2}.Release|Any CPU.ActiveCfg = Release|Any CPU
		{1A61A8BA-98E3-4E3E-A77D-1B21E96866B2}.Release|Any CPU.Build.0 = Release|Any CPU
		{24551F68-6C8A-44E8-A466-1A1F48D5AE9B}.Debug|Any CPU.ActiveCfg = Debug|Any CPU
		{24551F68-6C8A-44E8-A466-1A1F48D5AE9B}.Debug|Any CPU.Build.0 = Debug|Any CPU
		{24551F68-6C8A-44E8-A466-1A1F48D5AE9B}.Release|Any CPU.ActiveCfg = Release|Any CPU
		{24551F68-6C8A-44E8-A466-1A1F48D5AE9B}.Release|Any CPU.Build.0 = Release|Any CPU
		{3FCD19C3-2BC3-438C-BD27-95996F9679DB}.Debug|Any CPU.ActiveCfg = Debug|Any CPU
		{3FCD19C3-2BC3-438C-BD27-95996F9679DB}.Debug|Any CPU.Build.0 = Debug|Any CPU
		{3FCD19C3-2BC3-438C-BD27-95996F9679DB}.Release|Any CPU.ActiveCfg = Release|Any CPU
		{3FCD19C3-2BC3-438C-BD27-95996F9679DB}.Release|Any CPU.Build.0 = Release|Any CPU
		{82F099A5-079A-40DB-846B-B804A54581C8}.Debug|Any CPU.ActiveCfg = Debug|Any CPU
		{82F099A5-079A-40DB-846B-B804A54581C8}.Debug|Any CPU.Build.0 = Debug|Any CPU
		{82F099A5-079A-40DB-846B-B804A54581C8}.Release|Any CPU.ActiveCfg = Release|Any CPU
		{82F099A5-079A-40DB-846B-B804A54581C8}.Release|Any CPU.Build.0 = Release|Any CPU
		{00FB02D8-5E0A-4EAF-A76D-3F61CBC55D1A}.Debug|Any CPU.ActiveCfg = Debug|Any CPU
		{00FB02D8-5E0A-4EAF-A76D-3F61CBC55D1A}.Debug|Any CPU.Build.0 = Debug|Any CPU
		{00FB02D8-5E0A-4EAF-A76D-3F61CBC55D1A}.Release|Any CPU.ActiveCfg = Release|Any CPU
		{00FB02D8-5E0A-4EAF-A76D-3F61CBC55D1A}.Release|Any CPU.Build.0 = Release|Any CPU
		{D8ED2903-1369-4420-A61E-291B98412041}.Debug|Any CPU.ActiveCfg = Debug|Any CPU
		{D8ED2903-1369-4420-A61E-291B98412041}.Debug|Any CPU.Build.0 = Debug|Any CPU
		{D8ED2903-1369-4420-A61E-291B98412041}.Release|Any CPU.ActiveCfg = Release|Any CPU
		{D8ED2903-1369-4420-A61E-291B98412041}.Release|Any CPU.Build.0 = Release|Any CPU
		{03FA5F11-0997-4F08-9ECF-9D4BEA343F88}.Debug|Any CPU.ActiveCfg = Debug|Any CPU
		{03FA5F11-0997-4F08-9ECF-9D4BEA343F88}.Debug|Any CPU.Build.0 = Debug|Any CPU
		{03FA5F11-0997-4F08-9ECF-9D4BEA343F88}.Release|Any CPU.ActiveCfg = Release|Any CPU
		{03FA5F11-0997-4F08-9ECF-9D4BEA343F88}.Release|Any CPU.Build.0 = Release|Any CPU
	EndGlobalSection
	GlobalSection(SolutionProperties) = preSolution
		HideSolutionNode = FALSE
	EndGlobalSection
	GlobalSection(NestedProjects) = preSolution
		{B1735090-292F-46AE-B6DB-F2E46255DE02} = {02EA681E-C7D8-13C7-8484-4AC65E1B71E8}
		{AF8D2C7C-40E4-4EBB-99FF-415F756C4941} = {02EA681E-C7D8-13C7-8484-4AC65E1B71E8}
		{1A61A8BA-98E3-4E3E-A77D-1B21E96866B2} = {02EA681E-C7D8-13C7-8484-4AC65E1B71E8}
		{24551F68-6C8A-44E8-A466-1A1F48D5AE9B} = {5A8AA7EC-A96E-464D-8C61-7A714261AF9C}
		{3FCD19C3-2BC3-438C-BD27-95996F9679DB} = {5A8AA7EC-A96E-464D-8C61-7A714261AF9C}
		{82F099A5-079A-40DB-846B-B804A54581C8} = {5A8AA7EC-A96E-464D-8C61-7A714261AF9C}
		{00FB02D8-5E0A-4EAF-A76D-3F61CBC55D1A} = {8ECF0210-5479-4A68-B918-B0FB977C2B89}
		{D8ED2903-1369-4420-A61E-291B98412041} = {8ECF0210-5479-4A68-B918-B0FB977C2B89}
		{03FA5F11-0997-4F08-9ECF-9D4BEA343F88} = {8ECF0210-5479-4A68-B918-B0FB977C2B89}
	EndGlobalSection
	GlobalSection(ExtensibilityGlobals) = postSolution
		SolutionGuid = {56F11393-2388-4C11-AEE6-6D7E95D9E559}
	EndGlobalSection
EndGlobal
